
Microsoft Visual Studio Solution File, Format Version 11.00
# Visual Studio 2010
Project("{2150E333-8FDC-42A3-9474-1A3956D46DE8}") = "Samples", "Samples", "{400B2E69-431F-4DF9-9C0E-98EC6D176327}"
EndProject
Project("{FAE04EC0-301F-11D3-BF4B-00C04F79EFBC}") = "SilverSprite", "SilverSprite\SilverSprite.csproj", "{5A28896D-B208-4130-B41E-C77B7C14482A}"
EndProject
Project("{2150E333-8FDC-42A3-9474-1A3956D46DE8}") = "RolePlayingGame", "RolePlayingGame", "{6FE41DB2-9F3E-4BD3-9AD9-1CA80418235E}"
EndProject
Project("{FAE04EC0-301F-11D3-BF4B-00C04F79EFBC}") = "RolePlayingGameContentSilverlight", "Samples\RolePlayingGame\Content\RolePlayingGameContentSilverlight.contentproj", "{B300FD9B-964E-4A3D-9669-25E8D722FD54}"
EndProject
Project("{FAE04EC0-301F-11D3-BF4B-00C04F79EFBC}") = "RolePlayingGameData", "Samples\RolePlayingGame\RolePlayingGameData\RolePlayingGameData.csproj", "{D0A74750-AFF9-460F-BE43-69D922ADCA21}"
EndProject
Project("{FAE04EC0-301F-11D3-BF4B-00C04F79EFBC}") = "RolePlayingGameDataWindows", "Samples\RolePlayingGame\RolePlayingGameData\RolePlayingGameDataWindows.csproj", "{852C14EC-0023-4E4B-8EE4-B23895AA108F}"
EndProject
Project("{FAE04EC0-301F-11D3-BF4B-00C04F79EFBC}") = "RolePlayingGameProcessors", "Samples\RolePlayingGame\RolePlayingGameProcessors\RolePlayingGameProcessors.csproj", "{2082B0FE-AF16-48E9-B778-B871B4F19959}"
EndProject
Project("{FAE04EC0-301F-11D3-BF4B-00C04F79EFBC}") = "RolePlayingGame.Web", "Samples\RolePlayingGame\RolePlayingGame.Web\RolePlayingGame.Web.csproj", "{A65A0FA4-1AEE-4C3C-BA51-0027DA613047}"
EndProject
Project("{FAE04EC0-301F-11D3-BF4B-00C04F79EFBC}") = "RolePlayingGame", "Samples\RolePlayingGame\RolePlayingGame\RolePlayingGame.csproj", "{9956AE43-7801-45B4-BB3B-48622337685A}"
EndProject
Project("{2150E333-8FDC-42A3-9474-1A3956D46DE8}") = "CardsStarterKit", "CardsStarterKit", "{808F6605-AC78-46D7-A99D-5C14D0242AB6}"
EndProject
Project("{FAE04EC0-301F-11D3-BF4B-00C04F79EFBC}") = "CardsStarterKit.Web", "Samples\CardsStarterKit\CardsStarterKit.Web\CardsStarterKit.Web.csproj", "{A528E08D-102E-4D05-A960-451C120E1211}"
EndProject
Project("{FAE04EC0-301F-11D3-BF4B-00C04F79EFBC}") = "CardsFramework", "Samples\CardsStarterKit\CardsFramework\CardsFramework.csproj", "{1D46C54D-5856-456F-B8C6-AB6E2CBBBC65}"
EndProject
Project("{FAE04EC0-301F-11D3-BF4B-00C04F79EFBC}") = "Content", "Samples\CardsStarterKit\Content\Content.contentproj", "{F408D547-CD89-4EEE-904E-E3B9D47033C1}"
EndProject
Project("{FAE04EC0-301F-11D3-BF4B-00C04F79EFBC}") = "CardsStarterKit", "Samples\CardsStarterKit\CardsStarterKit\CardsStarterKit.csproj", "{55D3E02A-1027-4055-AEEB-BC66CED23425}"
EndProject
Project("{2150E333-8FDC-42A3-9474-1A3956D46DE8}") = "SnakeGame", "SnakeGame", "{FCD1EF37-38F7-4676-B027-C8D3721374D6}"
EndProject
Project("{FAE04EC0-301F-11D3-BF4B-00C04F79EFBC}") = "SnakeGameSilverSprite.Web", "Samples\SnakeGameSilverSprite\SnakeGameSilverSprite.Web\SnakeGameSilverSprite.Web.csproj", "{0FA292FC-E5FE-4E63-9C5F-25108BCF6AD9}"
EndProject
Project("{FAE04EC0-301F-11D3-BF4B-00C04F79EFBC}") = "SnakeGameSilverSprite", "Samples\SnakeGameSilverSprite\SnakeGameSilverSprite\SnakeGameSilverSprite.csproj", "{249E5686-1BC6-47F8-87E4-30841F9556EB}"
EndProject
Project("{FAE04EC0-301F-11D3-BF4B-00C04F79EFBC}") = "Content", "Samples\SnakeGameSilverSprite\Content\Content.contentproj", "{481787CC-2E33-438A-8D62-04426CE626C3}"
EndProject
Project("{2150E333-8FDC-42A3-9474-1A3956D46DE8}") = "Platformer", "Platformer", "{BDDA022D-8AE2-45D7-A9AF-1CAE08CF3A02}"
EndProject
Project("{FAE04EC0-301F-11D3-BF4B-00C04F79EFBC}") = "Platformer.Web", "Samples\Platformer\Platformer.Web\Platformer.Web.csproj", "{B2902904-9049-4C3E-BA5D-743BF98A20C6}"
EndProject
Project("{FAE04EC0-301F-11D3-BF4B-00C04F79EFBC}") = "Platformer", "Samples\Platformer\Platformer\Platformer.csproj", "{20D7872D-9B22-448C-861E-074B07836083}"
EndProject
Project("{FAE04EC0-301F-11D3-BF4B-00C04F79EFBC}") = "Content", "Samples\Platformer\Content\Content.contentproj", "{2FDB7EF3-D3C4-47A3-8E75-C901A05B8574}"
EndProject
Global
	GlobalSection(TeamFoundationVersionControl) = preSolution
		SccNumberOfProjects = 18
		SccEnterpriseProvider = {4CA58AB2-18FA-4F8D-95D4-32DDF27D184C}
		SccTeamFoundationServer = https://tfs.codeplex.com/tfs/tfs08
		SccLocalPath0 = .
		SccProjectUniqueName1 = Samples\\CardsStarterKit\\CardsFramework\\CardsFramework.csproj
		SccProjectTopLevelParentUniqueName1 = SilverSprite.sln
		SccProjectName1 = Samples/CardsStarterKit/CardsFramework
		SccLocalPath1 = Samples\\CardsStarterKit\\CardsFramework
		SccProjectUniqueName2 = Samples\\CardsStarterKit\\CardsStarterKit.Web\\CardsStarterKit.Web.csproj
		SccProjectTopLevelParentUniqueName2 = SilverSprite.sln
		SccProjectName2 = Samples/CardsStarterKit/CardsStarterKit.Web
		SccLocalPath2 = Samples\\CardsStarterKit\\CardsStarterKit.Web
		SccProjectUniqueName3 = Samples\\CardsStarterKit\\CardsStarterKit\\CardsStarterKit.csproj
		SccProjectTopLevelParentUniqueName3 = SilverSprite.sln
		SccProjectName3 = Samples/CardsStarterKit/CardsStarterKit
		SccLocalPath3 = Samples\\CardsStarterKit\\CardsStarterKit
		SccProjectUniqueName4 = Samples\\CardsStarterKit\\Content\\Content.contentproj
		SccProjectTopLevelParentUniqueName4 = SilverSprite.sln
		SccProjectName4 = Samples/CardsStarterKit/Content
		SccLocalPath4 = Samples\\CardsStarterKit\\Content
		SccProjectUniqueName5 = Samples\\Platformer\\Content\\Content.contentproj
		SccProjectTopLevelParentUniqueName5 = SilverSprite.sln
		SccProjectName5 = Samples/Platformer/Content
		SccLocalPath5 = Samples\\Platformer\\Content
		SccProjectUniqueName6 = Samples\\Platformer\\Platformer.Web\\Platformer.Web.csproj
		SccProjectTopLevelParentUniqueName6 = SilverSprite.sln
		SccProjectName6 = Samples/Platformer/Platformer.Web
		SccLocalPath6 = Samples\\Platformer\\Platformer.Web
		SccProjectUniqueName7 = Samples\\Platformer\\Platformer\\Platformer.csproj
		SccProjectTopLevelParentUniqueName7 = SilverSprite.sln
		SccProjectName7 = Samples/Platformer/Platformer
		SccLocalPath7 = Samples\\Platformer\\Platformer
		SccProjectUniqueName8 = Samples\\RolePlayingGame\\Content\\RolePlayingGameContentSilverlight.contentproj
		SccProjectTopLevelParentUniqueName8 = SilverSprite.sln
		SccProjectName8 = Samples/RolePlayingGame/Content
		SccLocalPath8 = Samples\\RolePlayingGame\\Content
		SccProjectUniqueName9 = Samples\\RolePlayingGame\\RolePlayingGame.Web\\RolePlayingGame.Web.csproj
		SccProjectTopLevelParentUniqueName9 = SilverSprite.sln
		SccProjectName9 = Samples/RolePlayingGame/RolePlayingGame.Web
		SccLocalPath9 = Samples\\RolePlayingGame\\RolePlayingGame.Web
		SccProjectUniqueName10 = Samples\\RolePlayingGame\\RolePlayingGame\\RolePlayingGame.csproj
		SccProjectTopLevelParentUniqueName10 = SilverSprite.sln
		SccProjectName10 = Samples/RolePlayingGame/RolePlayingGame
		SccLocalPath10 = Samples\\RolePlayingGame\\RolePlayingGame
		SccProjectUniqueName11 = Samples\\RolePlayingGame\\RolePlayingGameData\\RolePlayingGameData.csproj
		SccProjectTopLevelParentUniqueName11 = SilverSprite.sln
		SccProjectName11 = Samples/RolePlayingGame/RolePlayingGameData
		SccLocalPath11 = Samples\\RolePlayingGame\\RolePlayingGameData
		SccProjectUniqueName12 = Samples\\RolePlayingGame\\RolePlayingGameData\\RolePlayingGameDataWindows.csproj
		SccProjectTopLevelParentUniqueName12 = SilverSprite.sln
		SccProjectName12 = Samples/RolePlayingGame/RolePlayingGameData
		SccLocalPath12 = Samples\\RolePlayingGame\\RolePlayingGameData
		SccProjectUniqueName13 = Samples\\RolePlayingGame\\RolePlayingGameProcessors\\RolePlayingGameProcessors.csproj
		SccProjectTopLevelParentUniqueName13 = SilverSprite.sln
		SccProjectName13 = Samples/RolePlayingGame/RolePlayingGameProcessors
		SccLocalPath13 = Samples\\RolePlayingGame\\RolePlayingGameProcessors
		SccProjectUniqueName14 = Samples\\SnakeGameSilverSprite\\Content\\Content.contentproj
		SccProjectTopLevelParentUniqueName14 = SilverSprite.sln
		SccProjectName14 = Samples/SnakeGameSilverSprite/Content
		SccLocalPath14 = Samples\\SnakeGameSilverSprite\\Content
		SccProjectUniqueName15 = Samples\\SnakeGameSilverSprite\\SnakeGameSilverSprite.Web\\SnakeGameSilverSprite.Web.csproj
		SccProjectTopLevelParentUniqueName15 = SilverSprite.sln
		SccProjectName15 = Samples/SnakeGameSilverSprite/SnakeGameSilverSprite.Web
		SccLocalPath15 = Samples\\SnakeGameSilverSprite\\SnakeGameSilverSprite.Web
		SccProjectUniqueName16 = Samples\\SnakeGameSilverSprite\\SnakeGameSilverSprite\\SnakeGameSilverSprite.csproj
		SccProjectTopLevelParentUniqueName16 = SilverSprite.sln
		SccProjectName16 = Samples/SnakeGameSilverSprite/SnakeGameSilverSprite
		SccLocalPath16 = Samples\\SnakeGameSilverSprite\\SnakeGameSilverSprite
		SccProjectUniqueName17 = SilverSprite\\SilverSprite.csproj
		SccProjectName17 = SilverSprite
		SccLocalPath17 = SilverSprite
	EndGlobalSection
	GlobalSection(SolutionConfigurationPlatforms) = preSolution
		Debug|Any CPU = Debug|Any CPU
		Debug|Mixed Platforms = Debug|Mixed Platforms
		Debug|x86 = Debug|x86
		Debug|Xbox 360 = Debug|Xbox 360
		Release|Any CPU = Release|Any CPU
		Release|Mixed Platforms = Release|Mixed Platforms
		Release|x86 = Release|x86
		Release|Xbox 360 = Release|Xbox 360
	EndGlobalSection
	GlobalSection(ProjectConfigurationPlatforms) = postSolution
		{5A28896D-B208-4130-B41E-C77B7C14482A}.Debug|Any CPU.ActiveCfg = Debug|Any CPU
		{5A28896D-B208-4130-B41E-C77B7C14482A}.Debug|Any CPU.Build.0 = Debug|Any CPU
		{5A28896D-B208-4130-B41E-C77B7C14482A}.Debug|Mixed Platforms.ActiveCfg = Debug|Any CPU
		{5A28896D-B208-4130-B41E-C77B7C14482A}.Debug|Mixed Platforms.Build.0 = Debug|Any CPU
		{5A28896D-B208-4130-B41E-C77B7C14482A}.Debug|x86.ActiveCfg = Debug|Any CPU
		{5A28896D-B208-4130-B41E-C77B7C14482A}.Debug|Xbox 360.ActiveCfg = Debug|Any CPU
		{5A28896D-B208-4130-B41E-C77B7C14482A}.Release|Any CPU.ActiveCfg = Release|Any CPU
		{5A28896D-B208-4130-B41E-C77B7C14482A}.Release|Any CPU.Build.0 = Release|Any CPU
		{5A28896D-B208-4130-B41E-C77B7C14482A}.Release|Mixed Platforms.ActiveCfg = Release|Any CPU
		{5A28896D-B208-4130-B41E-C77B7C14482A}.Release|Mixed Platforms.Build.0 = Release|Any CPU
		{5A28896D-B208-4130-B41E-C77B7C14482A}.Release|x86.ActiveCfg = Release|Any CPU
		{5A28896D-B208-4130-B41E-C77B7C14482A}.Release|Xbox 360.ActiveCfg = Release|Any CPU
		{B300FD9B-964E-4A3D-9669-25E8D722FD54}.Debug|Any CPU.ActiveCfg = Debug|x86
		{B300FD9B-964E-4A3D-9669-25E8D722FD54}.Debug|Mixed Platforms.ActiveCfg = Debug|x86
		{B300FD9B-964E-4A3D-9669-25E8D722FD54}.Debug|x86.ActiveCfg = Debug|x86
		{B300FD9B-964E-4A3D-9669-25E8D722FD54}.Debug|Xbox 360.ActiveCfg = Debug|x86
		{B300FD9B-964E-4A3D-9669-25E8D722FD54}.Release|Any CPU.ActiveCfg = Release|x86
		{B300FD9B-964E-4A3D-9669-25E8D722FD54}.Release|Mixed Platforms.ActiveCfg = Release|x86
		{B300FD9B-964E-4A3D-9669-25E8D722FD54}.Release|x86.ActiveCfg = Release|x86
		{B300FD9B-964E-4A3D-9669-25E8D722FD54}.Release|Xbox 360.ActiveCfg = Release|x86
		{D0A74750-AFF9-460F-BE43-69D922ADCA21}.Debug|Any CPU.ActiveCfg = Debug|Any CPU
		{D0A74750-AFF9-460F-BE43-69D922ADCA21}.Debug|Any CPU.Build.0 = Debug|Any CPU
		{D0A74750-AFF9-460F-BE43-69D922ADCA21}.Debug|Mixed Platforms.ActiveCfg = Debug|Any CPU
		{D0A74750-AFF9-460F-BE43-69D922ADCA21}.Debug|Mixed Platforms.Build.0 = Debug|Any CPU
		{D0A74750-AFF9-460F-BE43-69D922ADCA21}.Debug|x86.ActiveCfg = Debug|Any CPU
		{D0A74750-AFF9-460F-BE43-69D922ADCA21}.Debug|Xbox 360.ActiveCfg = Debug|Any CPU
		{D0A74750-AFF9-460F-BE43-69D922ADCA21}.Release|Any CPU.ActiveCfg = Release|Any CPU
		{D0A74750-AFF9-460F-BE43-69D922ADCA21}.Release|Any CPU.Build.0 = Release|Any CPU
		{D0A74750-AFF9-460F-BE43-69D922ADCA21}.Release|Mixed Platforms.ActiveCfg = Release|Any CPU
		{D0A74750-AFF9-460F-BE43-69D922ADCA21}.Release|Mixed Platforms.Build.0 = Release|Any CPU
		{D0A74750-AFF9-460F-BE43-69D922ADCA21}.Release|x86.ActiveCfg = Release|Any CPU
		{D0A74750-AFF9-460F-BE43-69D922ADCA21}.Release|Xbox 360.ActiveCfg = Release|Any CPU
		{852C14EC-0023-4E4B-8EE4-B23895AA108F}.Debug|Any CPU.ActiveCfg = Debug|x86
		{852C14EC-0023-4E4B-8EE4-B23895AA108F}.Debug|Mixed Platforms.ActiveCfg = Debug|x86
		{852C14EC-0023-4E4B-8EE4-B23895AA108F}.Debug|Mixed Platforms.Build.0 = Debug|x86
		{852C14EC-0023-4E4B-8EE4-B23895AA108F}.Debug|x86.ActiveCfg = Debug|x86
		{852C14EC-0023-4E4B-8EE4-B23895AA108F}.Debug|x86.Build.0 = Debug|x86
		{852C14EC-0023-4E4B-8EE4-B23895AA108F}.Debug|Xbox 360.ActiveCfg = Debug|x86
		{852C14EC-0023-4E4B-8EE4-B23895AA108F}.Release|Any CPU.ActiveCfg = Release|x86
		{852C14EC-0023-4E4B-8EE4-B23895AA108F}.Release|Mixed Platforms.ActiveCfg = Release|x86
		{852C14EC-0023-4E4B-8EE4-B23895AA108F}.Release|Mixed Platforms.Build.0 = Release|x86
		{852C14EC-0023-4E4B-8EE4-B23895AA108F}.Release|x86.ActiveCfg = Release|x86
		{852C14EC-0023-4E4B-8EE4-B23895AA108F}.Release|x86.Build.0 = Release|x86
		{852C14EC-0023-4E4B-8EE4-B23895AA108F}.Release|Xbox 360.ActiveCfg = Release|x86
		{2082B0FE-AF16-48E9-B778-B871B4F19959}.Debug|Any CPU.ActiveCfg = Debug|Xbox 360
		{2082B0FE-AF16-48E9-B778-B871B4F19959}.Debug|Any CPU.Build.0 = Debug|Xbox 360
		{2082B0FE-AF16-48E9-B778-B871B4F19959}.Debug|Mixed Platforms.ActiveCfg = Debug|Xbox 360
		{2082B0FE-AF16-48E9-B778-B871B4F19959}.Debug|Mixed Platforms.Build.0 = Debug|Xbox 360
		{2082B0FE-AF16-48E9-B778-B871B4F19959}.Debug|x86.ActiveCfg = Debug|x86
		{2082B0FE-AF16-48E9-B778-B871B4F19959}.Debug|x86.Build.0 = Debug|x86
		{2082B0FE-AF16-48E9-B778-B871B4F19959}.Debug|Xbox 360.ActiveCfg = Debug|Xbox 360
		{2082B0FE-AF16-48E9-B778-B871B4F19959}.Debug|Xbox 360.Build.0 = Debug|Xbox 360
		{2082B0FE-AF16-48E9-B778-B871B4F19959}.Release|Any CPU.ActiveCfg = Release|Xbox 360
		{2082B0FE-AF16-48E9-B778-B871B4F19959}.Release|Any CPU.Build.0 = Release|Xbox 360
		{2082B0FE-AF16-48E9-B778-B871B4F19959}.Release|Mixed Platforms.ActiveCfg = Release|Xbox 360
		{2082B0FE-AF16-48E9-B778-B871B4F19959}.Release|Mixed Platforms.Build.0 = Release|Xbox 360
		{2082B0FE-AF16-48E9-B778-B871B4F19959}.Release|x86.ActiveCfg = Release|x86
		{2082B0FE-AF16-48E9-B778-B871B4F19959}.Release|x86.Build.0 = Release|x86
		{2082B0FE-AF16-48E9-B778-B871B4F19959}.Release|Xbox 360.ActiveCfg = Release|Xbox 360
		{2082B0FE-AF16-48E9-B778-B871B4F19959}.Release|Xbox 360.Build.0 = Release|Xbox 360
		{A65A0FA4-1AEE-4C3C-BA51-0027DA613047}.Debug|Any CPU.ActiveCfg = Debug|Any CPU
		{A65A0FA4-1AEE-4C3C-BA51-0027DA613047}.Debug|Any CPU.Build.0 = Debug|Any CPU
		{A65A0FA4-1AEE-4C3C-BA51-0027DA613047}.Debug|Mixed Platforms.ActiveCfg = Debug|Any CPU
		{A65A0FA4-1AEE-4C3C-BA51-0027DA613047}.Debug|Mixed Platforms.Build.0 = Debug|Any CPU
		{A65A0FA4-1AEE-4C3C-BA51-0027DA613047}.Debug|x86.ActiveCfg = Debug|Any CPU
		{A65A0FA4-1AEE-4C3C-BA51-0027DA613047}.Debug|Xbox 360.ActiveCfg = Debug|Any CPU
		{A65A0FA4-1AEE-4C3C-BA51-0027DA613047}.Release|Any CPU.ActiveCfg = Release|Any CPU
		{A65A0FA4-1AEE-4C3C-BA51-0027DA613047}.Release|Any CPU.Build.0 = Release|Any CPU
		{A65A0FA4-1AEE-4C3C-BA51-0027DA613047}.Release|Mixed Platforms.ActiveCfg = Release|Any CPU
		{A65A0FA4-1AEE-4C3C-BA51-0027DA613047}.Release|Mixed Platforms.Build.0 = Release|Any CPU
		{A65A0FA4-1AEE-4C3C-BA51-0027DA613047}.Release|x86.ActiveCfg = Release|Any CPU
		{A65A0FA4-1AEE-4C3C-BA51-0027DA613047}.Release|Xbox 360.ActiveCfg = Release|Any CPU
		{9956AE43-7801-45B4-BB3B-48622337685A}.Debug|Any CPU.ActiveCfg = Debug|Any CPU
		{9956AE43-7801-45B4-BB3B-48622337685A}.Debug|Any CPU.Build.0 = Debug|Any CPU
		{9956AE43-7801-45B4-BB3B-48622337685A}.Debug|Mixed Platforms.ActiveCfg = Debug|Any CPU
		{9956AE43-7801-45B4-BB3B-48622337685A}.Debug|Mixed Platforms.Build.0 = Debug|Any CPU
		{9956AE43-7801-45B4-BB3B-48622337685A}.Debug|x86.ActiveCfg = Debug|Any CPU
		{9956AE43-7801-45B4-BB3B-48622337685A}.Debug|Xbox 360.ActiveCfg = Debug|Any CPU
		{9956AE43-7801-45B4-BB3B-48622337685A}.Release|Any CPU.ActiveCfg = Release|Any CPU
		{9956AE43-7801-45B4-BB3B-48622337685A}.Release|Any CPU.Build.0 = Release|Any CPU
		{9956AE43-7801-45B4-BB3B-48622337685A}.Release|Mixed Platforms.ActiveCfg = Release|Any CPU
		{9956AE43-7801-45B4-BB3B-48622337685A}.Release|Mixed Platforms.Build.0 = Release|Any CPU
		{9956AE43-7801-45B4-BB3B-48622337685A}.Release|x86.ActiveCfg = Release|Any CPU
		{9956AE43-7801-45B4-BB3B-48622337685A}.Release|Xbox 360.ActiveCfg = Release|Any CPU
		{A528E08D-102E-4D05-A960-451C120E1211}.Debug|Any CPU.ActiveCfg = Debug|Any CPU
		{A528E08D-102E-4D05-A960-451C120E1211}.Debug|Any CPU.Build.0 = Debug|Any CPU
		{A528E08D-102E-4D05-A960-451C120E1211}.Debug|Mixed Platforms.ActiveCfg = Debug|Any CPU
		{A528E08D-102E-4D05-A960-451C120E1211}.Debug|Mixed Platforms.Build.0 = Debug|Any CPU
		{A528E08D-102E-4D05-A960-451C120E1211}.Debug|x86.ActiveCfg = Debug|Any CPU
		{A528E08D-102E-4D05-A960-451C120E1211}.Debug|Xbox 360.ActiveCfg = Debug|Any CPU
		{A528E08D-102E-4D05-A960-451C120E1211}.Release|Any CPU.ActiveCfg = Release|Any CPU
		{A528E08D-102E-4D05-A960-451C120E1211}.Release|Any CPU.Build.0 = Release|Any CPU
		{A528E08D-102E-4D05-A960-451C120E1211}.Release|Mixed Platforms.ActiveCfg = Release|Any CPU
		{A528E08D-102E-4D05-A960-451C120E1211}.Release|Mixed Platforms.Build.0 = Release|Any CPU
		{A528E08D-102E-4D05-A960-451C120E1211}.Release|x86.ActiveCfg = Release|Any CPU
		{A528E08D-102E-4D05-A960-451C120E1211}.Release|Xbox 360.ActiveCfg = Release|Any CPU
		{1D46C54D-5856-456F-B8C6-AB6E2CBBBC65}.Debug|Any CPU.ActiveCfg = Debug|Any CPU
		{1D46C54D-5856-456F-B8C6-AB6E2CBBBC65}.Debug|Any CPU.Build.0 = Debug|Any CPU
		{1D46C54D-5856-456F-B8C6-AB6E2CBBBC65}.Debug|Mixed Platforms.ActiveCfg = Debug|Any CPU
		{1D46C54D-5856-456F-B8C6-AB6E2CBBBC65}.Debug|Mixed Platforms.Build.0 = Debug|Any CPU
		{1D46C54D-5856-456F-B8C6-AB6E2CBBBC65}.Debug|x86.ActiveCfg = Debug|Any CPU
		{1D46C54D-5856-456F-B8C6-AB6E2CBBBC65}.Debug|Xbox 360.ActiveCfg = Debug|Any CPU
		{1D46C54D-5856-456F-B8C6-AB6E2CBBBC65}.Release|Any CPU.ActiveCfg = Release|Any CPU
		{1D46C54D-5856-456F-B8C6-AB6E2CBBBC65}.Release|Any CPU.Build.0 = Release|Any CPU
		{1D46C54D-5856-456F-B8C6-AB6E2CBBBC65}.Release|Mixed Platforms.ActiveCfg = Release|Any CPU
		{1D46C54D-5856-456F-B8C6-AB6E2CBBBC65}.Release|Mixed Platforms.Build.0 = Release|Any CPU
		{1D46C54D-5856-456F-B8C6-AB6E2CBBBC65}.Release|x86.ActiveCfg = Release|Any CPU
		{1D46C54D-5856-456F-B8C6-AB6E2CBBBC65}.Release|Xbox 360.ActiveCfg = Release|Any CPU
		{F408D547-CD89-4EEE-904E-E3B9D47033C1}.Debug|Any CPU.ActiveCfg = Debug|Any CPU
		{F408D547-CD89-4EEE-904E-E3B9D47033C1}.Debug|Mixed Platforms.ActiveCfg = Debug|Any CPU
		{F408D547-CD89-4EEE-904E-E3B9D47033C1}.Debug|x86.ActiveCfg = Debug|Any CPU
		{F408D547-CD89-4EEE-904E-E3B9D47033C1}.Debug|Xbox 360.ActiveCfg = Debug|Any CPU
		{F408D547-CD89-4EEE-904E-E3B9D47033C1}.Release|Any CPU.ActiveCfg = Debug|Any CPU
		{F408D547-CD89-4EEE-904E-E3B9D47033C1}.Release|Mixed Platforms.ActiveCfg = Debug|Any CPU
		{F408D547-CD89-4EEE-904E-E3B9D47033C1}.Release|x86.ActiveCfg = Debug|Any CPU
		{F408D547-CD89-4EEE-904E-E3B9D47033C1}.Release|Xbox 360.ActiveCfg = Debug|Any CPU
		{55D3E02A-1027-4055-AEEB-BC66CED23425}.Debug|Any CPU.ActiveCfg = Debug|Any CPU
		{55D3E02A-1027-4055-AEEB-BC66CED23425}.Debug|Any CPU.Build.0 = Debug|Any CPU
		{55D3E02A-1027-4055-AEEB-BC66CED23425}.Debug|Mixed Platforms.ActiveCfg = Debug|Any CPU
		{55D3E02A-1027-4055-AEEB-BC66CED23425}.Debug|Mixed Platforms.Build.0 = Debug|Any CPU
		{55D3E02A-1027-4055-AEEB-BC66CED23425}.Debug|x86.ActiveCfg = Debug|Any CPU
		{55D3E02A-1027-4055-AEEB-BC66CED23425}.Debug|Xbox 360.ActiveCfg = Debug|Any CPU
		{55D3E02A-1027-4055-AEEB-BC66CED23425}.Release|Any CPU.ActiveCfg = Release|Any CPU
		{55D3E02A-1027-4055-AEEB-BC66CED23425}.Release|Any CPU.Build.0 = Release|Any CPU
		{55D3E02A-1027-4055-AEEB-BC66CED23425}.Release|Mixed Platforms.ActiveCfg = Release|Any CPU
		{55D3E02A-1027-4055-AEEB-BC66CED23425}.Release|Mixed Platforms.Build.0 = Release|Any CPU
		{55D3E02A-1027-4055-AEEB-BC66CED23425}.Release|x86.ActiveCfg = Release|Any CPU
		{55D3E02A-1027-4055-AEEB-BC66CED23425}.Release|Xbox 360.ActiveCfg = Release|Any CPU
		{0FA292FC-E5FE-4E63-9C5F-25108BCF6AD9}.Debug|Any CPU.ActiveCfg = Debug|Any CPU
		{0FA292FC-E5FE-4E63-9C5F-25108BCF6AD9}.Debug|Any CPU.Build.0 = Debug|Any CPU
		{0FA292FC-E5FE-4E63-9C5F-25108BCF6AD9}.Debug|Mixed Platforms.ActiveCfg = Debug|Any CPU
		{0FA292FC-E5FE-4E63-9C5F-25108BCF6AD9}.Debug|Mixed Platforms.Build.0 = Debug|Any CPU
		{0FA292FC-E5FE-4E63-9C5F-25108BCF6AD9}.Debug|x86.ActiveCfg = Debug|Any CPU
		{0FA292FC-E5FE-4E63-9C5F-25108BCF6AD9}.Debug|Xbox 360.ActiveCfg = Debug|Any CPU
		{0FA292FC-E5FE-4E63-9C5F-25108BCF6AD9}.Release|Any CPU.ActiveCfg = Release|Any CPU
		{0FA292FC-E5FE-4E63-9C5F-25108BCF6AD9}.Release|Any CPU.Build.0 = Release|Any CPU
		{0FA292FC-E5FE-4E63-9C5F-25108BCF6AD9}.Release|Mixed Platforms.ActiveCfg = Release|Any CPU
		{0FA292FC-E5FE-4E63-9C5F-25108BCF6AD9}.Release|Mixed Platforms.Build.0 = Release|Any CPU
		{0FA292FC-E5FE-4E63-9C5F-25108BCF6AD9}.Release|x86.ActiveCfg = Release|Any CPU
		{0FA292FC-E5FE-4E63-9C5F-25108BCF6AD9}.Release|Xbox 360.ActiveCfg = Release|Any CPU
		{249E5686-1BC6-47F8-87E4-30841F9556EB}.Debug|Any CPU.ActiveCfg = Debug|Any CPU
		{249E5686-1BC6-47F8-87E4-30841F9556EB}.Debug|Any CPU.Build.0 = Debug|Any CPU
		{249E5686-1BC6-47F8-87E4-30841F9556EB}.Debug|Mixed Platforms.ActiveCfg = Debug|Any CPU
		{249E5686-1BC6-47F8-87E4-30841F9556EB}.Debug|Mixed Platforms.Build.0 = Debug|Any CPU
		{249E5686-1BC6-47F8-87E4-30841F9556EB}.Debug|x86.ActiveCfg = Debug|Any CPU
		{249E5686-1BC6-47F8-87E4-30841F9556EB}.Debug|Xbox 360.ActiveCfg = Debug|Any CPU
		{249E5686-1BC6-47F8-87E4-30841F9556EB}.Release|Any CPU.ActiveCfg = Release|Any CPU
		{249E5686-1BC6-47F8-87E4-30841F9556EB}.Release|Any CPU.Build.0 = Release|Any CPU
		{249E5686-1BC6-47F8-87E4-30841F9556EB}.Release|Mixed Platforms.ActiveCfg = Release|Any CPU
		{249E5686-1BC6-47F8-87E4-30841F9556EB}.Release|Mixed Platforms.Build.0 = Release|Any CPU
		{249E5686-1BC6-47F8-87E4-30841F9556EB}.Release|x86.ActiveCfg = Release|Any CPU
		{249E5686-1BC6-47F8-87E4-30841F9556EB}.Release|Xbox 360.ActiveCfg = Release|Any CPU
		{481787CC-2E33-438A-8D62-04426CE626C3}.Debug|Any CPU.ActiveCfg = Debug|Any CPU
		{481787CC-2E33-438A-8D62-04426CE626C3}.Debug|Mixed Platforms.ActiveCfg = Debug|Any CPU
		{481787CC-2E33-438A-8D62-04426CE626C3}.Debug|x86.ActiveCfg = Debug|Any CPU
		{481787CC-2E33-438A-8D62-04426CE626C3}.Debug|Xbox 360.ActiveCfg = Debug|Any CPU
		{481787CC-2E33-438A-8D62-04426CE626C3}.Release|Any CPU.ActiveCfg = Debug|Any CPU
		{481787CC-2E33-438A-8D62-04426CE626C3}.Release|Mixed Platforms.ActiveCfg = Debug|Any CPU
		{481787CC-2E33-438A-8D62-04426CE626C3}.Release|x86.ActiveCfg = Debug|Any CPU
		{481787CC-2E33-438A-8D62-04426CE626C3}.Release|Xbox 360.ActiveCfg = Debug|Any CPU
		{B2902904-9049-4C3E-BA5D-743BF98A20C6}.Debug|Any CPU.ActiveCfg = Debug|Any CPU
		{B2902904-9049-4C3E-BA5D-743BF98A20C6}.Debug|Any CPU.Build.0 = Debug|Any CPU
		{B2902904-9049-4C3E-BA5D-743BF98A20C6}.Debug|Mixed Platforms.ActiveCfg = Debug|Any CPU
		{B2902904-9049-4C3E-BA5D-743BF98A20C6}.Debug|Mixed Platforms.Build.0 = Debug|Any CPU
		{B2902904-9049-4C3E-BA5D-743BF98A20C6}.Debug|x86.ActiveCfg = Debug|Any CPU
		{B2902904-9049-4C3E-BA5D-743BF98A20C6}.Debug|Xbox 360.ActiveCfg = Debug|Any CPU
		{B2902904-9049-4C3E-BA5D-743BF98A20C6}.Release|Any CPU.ActiveCfg = Release|Any CPU
		{B2902904-9049-4C3E-BA5D-743BF98A20C6}.Release|Any CPU.Build.0 = Release|Any CPU
		{B2902904-9049-4C3E-BA5D-743BF98A20C6}.Release|Mixed Platforms.ActiveCfg = Release|Any CPU
		{B2902904-9049-4C3E-BA5D-743BF98A20C6}.Release|Mixed Platforms.Build.0 = Release|Any CPU
		{B2902904-9049-4C3E-BA5D-743BF98A20C6}.Release|x86.ActiveCfg = Release|Any CPU
		{B2902904-9049-4C3E-BA5D-743BF98A20C6}.Release|Xbox 360.ActiveCfg = Release|Any CPU
		{20D7872D-9B22-448C-861E-074B07836083}.Debug|Any CPU.ActiveCfg = Debug|Any CPU
		{20D7872D-9B22-448C-861E-074B07836083}.Debug|Any CPU.Build.0 = Debug|Any CPU
		{20D7872D-9B22-448C-861E-074B07836083}.Debug|Mixed Platforms.ActiveCfg = Debug|Any CPU
		{20D7872D-9B22-448C-861E-074B07836083}.Debug|Mixed Platforms.Build.0 = Debug|Any CPU
		{20D7872D-9B22-448C-861E-074B07836083}.Debug|x86.ActiveCfg = Debug|Any CPU
		{20D7872D-9B22-448C-861E-074B07836083}.Debug|Xbox 360.ActiveCfg = Debug|Any CPU
		{20D7872D-9B22-448C-861E-074B07836083}.Release|Any CPU.ActiveCfg = Release|Any CPU
		{20D7872D-9B22-448C-861E-074B07836083}.Release|Any CPU.Build.0 = Release|Any CPU
		{20D7872D-9B22-448C-861E-074B07836083}.Release|Mixed Platforms.ActiveCfg = Release|Any CPU
		{20D7872D-9B22-448C-861E-074B07836083}.Release|Mixed Platforms.Build.0 = Release|Any CPU
		{20D7872D-9B22-448C-861E-074B07836083}.Release|x86.ActiveCfg = Release|Any CPU
		{20D7872D-9B22-448C-861E-074B07836083}.Release|Xbox 360.ActiveCfg = Release|Any CPU
		{2FDB7EF3-D3C4-47A3-8E75-C901A05B8574}.Debug|Any CPU.ActiveCfg = Debug|Any CPU
		{2FDB7EF3-D3C4-47A3-8E75-C901A05B8574}.Debug|Mixed Platforms.ActiveCfg = Debug|Any CPU
		{2FDB7EF3-D3C4-47A3-8E75-C901A05B8574}.Debug|x86.ActiveCfg = Debug|Any CPU
		{2FDB7EF3-D3C4-47A3-8E75-C901A05B8574}.Debug|Xbox 360.ActiveCfg = Debug|Any CPU
		{2FDB7EF3-D3C4-47A3-8E75-C901A05B8574}.Release|Any CPU.ActiveCfg = Debug|Any CPU
		{2FDB7EF3-D3C4-47A3-8E75-C901A05B8574}.Release|Mixed Platforms.ActiveCfg = Debug|Any CPU
		{2FDB7EF3-D3C4-47A3-8E75-C901A05B8574}.Release|x86.ActiveCfg = Debug|Any CPU
		{2FDB7EF3-D3C4-47A3-8E75-C901A05B8574}.Release|Xbox 360.ActiveCfg = Debug|Any CPU
	EndGlobalSection
	GlobalSection(SolutionProperties) = preSolution
		HideSolutionNode = FALSE
	EndGlobalSection
	GlobalSection(NestedProjects) = preSolution
		{6FE41DB2-9F3E-4BD3-9AD9-1CA80418235E} = {400B2E69-431F-4DF9-9C0E-98EC6D176327}
		{808F6605-AC78-46D7-A99D-5C14D0242AB6} = {400B2E69-431F-4DF9-9C0E-98EC6D176327}
		{FCD1EF37-38F7-4676-B027-C8D3721374D6} = {400B2E69-431F-4DF9-9C0E-98EC6D176327}
		{BDDA022D-8AE2-45D7-A9AF-1CAE08CF3A02} = {400B2E69-431F-4DF9-9C0E-98EC6D176327}
		{B300FD9B-964E-4A3D-9669-25E8D722FD54} = {6FE41DB2-9F3E-4BD3-9AD9-1CA80418235E}
		{D0A74750-AFF9-460F-BE43-69D922ADCA21} = {6FE41DB2-9F3E-4BD3-9AD9-1CA80418235E}
		{852C14EC-0023-4E4B-8EE4-B23895AA108F} = {6FE41DB2-9F3E-4BD3-9AD9-1CA80418235E}
		{2082B0FE-AF16-48E9-B778-B871B4F19959} = {6FE41DB2-9F3E-4BD3-9AD9-1CA80418235E}
		{A65A0FA4-1AEE-4C3C-BA51-0027DA613047} = {6FE41DB2-9F3E-4BD3-9AD9-1CA80418235E}
		{9956AE43-7801-45B4-BB3B-48622337685A} = {6FE41DB2-9F3E-4BD3-9AD9-1CA80418235E}
		{A528E08D-102E-4D05-A960-451C120E1211} = {808F6605-AC78-46D7-A99D-5C14D0242AB6}
		{1D46C54D-5856-456F-B8C6-AB6E2CBBBC65} = {808F6605-AC78-46D7-A99D-5C14D0242AB6}
		{F408D547-CD89-4EEE-904E-E3B9D47033C1} = {808F6605-AC78-46D7-A99D-5C14D0242AB6}
		{55D3E02A-1027-4055-AEEB-BC66CED23425} = {808F6605-AC78-46D7-A99D-5C14D0242AB6}
		{0FA292FC-E5FE-4E63-9C5F-25108BCF6AD9} = {FCD1EF37-38F7-4676-B027-C8D3721374D6}
		{249E5686-1BC6-47F8-87E4-30841F9556EB} = {FCD1EF37-38F7-4676-B027-C8D3721374D6}
		{481787CC-2E33-438A-8D62-04426CE626C3} = {FCD1EF37-38F7-4676-B027-C8D3721374D6}
		{B2902904-9049-4C3E-BA5D-743BF98A20C6} = {BDDA022D-8AE2-45D7-A9AF-1CAE08CF3A02}
		{20D7872D-9B22-448C-861E-074B07836083} = {BDDA022D-8AE2-45D7-A9AF-1CAE08CF3A02}
		{2FDB7EF3-D3C4-47A3-8E75-C901A05B8574} = {BDDA022D-8AE2-45D7-A9AF-1CAE08CF3A02}
	EndGlobalSection
EndGlobal
